{
  "version": "5",
  "specifiers": {
    "jsr:@hono/hono@^4.11.1": "4.11.1",
    "npm:@types/node@*": "24.2.0",
    "npm:arktype@*": "2.1.29"
  },
  "jsr": {
    "@hono/hono@4.11.1": {
      "integrity": "28bb28c7322a1379e7132af05ef76aef09f86bb8cdd7077c67e004dea288ac0d"
    }
  },
  "npm": {
    "@ark/schema@0.56.0": {
      "integrity": "sha512-ECg3hox/6Z/nLajxXqNhgPtNdHWC9zNsDyskwO28WinoFEnWow4IsERNz9AnXRhTZJnYIlAJ4uGn3nlLk65vZA==",
      "dependencies": [
        "@ark/util"
      ]
    },
    "@ark/util@0.56.0": {
      "integrity": "sha512-BghfRC8b9pNs3vBoDJhcta0/c1J1rsoS1+HgVUreMFPdhz/CRAKReAu57YEllNaSy98rWAdY1gE+gFup7OXpgA=="
    },
    "@types/node@24.2.0": {
      "integrity": "sha512-3xyG3pMCq3oYCNg7/ZP+E1ooTaGB4cG8JWRsqqOYQdbWNY4zbaV0Ennrd7stjiJEFZCaybcIgpTjJWHRfBSIDw==",
      "dependencies": [
        "undici-types"
      ]
    },
    "arkregex@0.0.5": {
      "integrity": "sha512-ncYjBdLlh5/QnVsAA8De16Tc9EqmYM7y/WU9j+236KcyYNUXogpz3sC4ATIZYzzLxwI+0sEOaQLEmLmRleaEXw==",
      "dependencies": [
        "@ark/util"
      ]
    },
    "arktype@2.1.29": {
      "integrity": "sha512-jyfKk4xIOzvYNayqnD8ZJQqOwcrTOUbIU4293yrzAjA3O1dWh61j71ArMQ6tS/u4pD7vabSPe7nG3RCyoXW6RQ==",
      "dependencies": [
        "@ark/schema",
        "@ark/util",
        "arkregex"
      ]
    },
    "undici-types@7.10.0": {
      "integrity": "sha512-t5Fy/nfn+14LuOc2KNYg75vZqClpAiqscVvMygNnlsHBFpSXdJaYtXMcdNLpl/Qvc3P2cB3s6lOV51nqsFq4ag=="
    }
  },
  "workspace": {
    "members": {
      "apps/api": {
        "dependencies": [
          "jsr:@hono/hono@^4.11.1",
          "npm:arktype@*"
        ]
      },
      "packages/shared": {
        "dependencies": [
          "npm:arktype@*"
        ]
      }
    }
  }
}
